
Microsoft Visual Studio Solution File, Format Version 12.00
# Visual Studio Version 17
VisualStudioVersion = 17.7.34031.279
MinimumVisualStudioVersion = 10.0.40219.1
Project("{FAE04EC0-301F-11D3-BF4B-00C04F79EFBC}") = "Progam2", "Progam2.csproj", "{71413C3E-014D-42AC-A5C8-4B696EF65F27}"
EndProject
Global
	GlobalSection(SolutionConfigurationPlatforms) = preSolution
		Debug|Any CPU = Debug|Any CPU
		Release|Any CPU = Release|Any CPU
	EndGlobalSection
	GlobalSection(ProjectConfigurationPlatforms) = postSolution
		{71413C3E-014D-42AC-A5C8-4B696EF65F27}.Debug|Any CPU.ActiveCfg = Debug|Any CPU
		{71413C3E-014D-42AC-A5C8-4B696EF65F27}.Debug|Any CPU.Build.0 = Debug|Any CPU
		{71413C3E-014D-42AC-A5C8-4B696EF65F27}.Release|Any CPU.ActiveCfg = Release|Any CPU
		{71413C3E-014D-42AC-A5C8-4B696EF65F27}.Release|Any CPU.Build.0 = Release|Any CPU
	EndGlobalSection
	GlobalSection(SolutionProperties) = preSolution
		HideSolutionNode = FALSE
	EndGlobalSection
	GlobalSection(ExtensibilityGlobals) = postSolution
		SolutionGuid = {18FF2629-33CD-44BC-8873-CDB78E1FABD1}
	EndGlobalSection
EndGlobal
